{
    "_readme": [
        "This file locks the dependencies of your project to a known state",
        "Read more about it at https://getcomposer.org/doc/01-basic-usage.md#composer-lock-the-lock-file",
        "This file is @generated automatically"
    ],
    "content-hash": "f81092061f974ec7afff284b8735422d",
    "packages": [
        {
            "name": "khipu/khipu-api-client",
            "version": "2.7.1",
            "source": {
                "type": "git",
                "url": "https://github.com/khipu/khipu-api-php-client.git",
                "reference": "3a914dd36de4a07d1bdf25ff43b9028bbda61122"
            },
            "dist": {
                "type": "zip",
                "url": "https://api.github.com/repos/khipu/khipu-api-php-client/zipball/3a914dd36de4a07d1bdf25ff43b9028bbda61122",
                "reference": "3a914dd36de4a07d1bdf25ff43b9028bbda61122",
                "shasum": ""
            },
            "require": {
                "ext-curl": "*",
                "ext-json": "*",
                "ext-mbstring": "*",
                "php": ">=5.3.3"
            },
            "require-dev": {
                "phpunit/phpunit": "~4.0",
                "satooshi/php-coveralls": "~0.6.1",
                "squizlabs/php_codesniffer": "~2.0"
            },
            "type": "library",
            "autoload": {
                "psr-4": {
                    "Khipu\\": "lib/"
                }
            },
            "notification-url": "https://packagist.org/downloads/",
            "license": [
                "Apache-2.0"
            ],
            "authors": [
                {
                    "name": "khipu",
                    "homepage": "https://github.com/khipu/khipu-api-php-client"
                }
            ],
            "homepage": "https://github.com/khipu/khipu-api-php-client",
            "keywords": [
                "api",
                "khipu",
                "php",
                "sdk"
            ],
            "time": "2016-07-11T18:53:07+00:00"
        }
    ],
    "packages-dev": [],
    "aliases": [],
    "minimum-stability": "stable",
    "stability-flags": [],
    "prefer-stable": false,
    "prefer-lowest": false,
    "platform": [],
    "platform-dev": []
}
